
Microsoft Visual Studio Solution File, Format Version 12.00
# Visual Studio Version 17
VisualStudioVersion = 17.4.33205.214
MinimumVisualStudioVersion = 10.0.40219.1
Project("{FAE04EC0-301F-11D3-BF4B-00C04F79EFBC}") = "ToDo_App", "ToDo_App\ToDo_App.csproj", "{757D6989-80FE-4CEF-ACDA-E609E46F1AD5}"
EndProject
Global
	GlobalSection(SolutionConfigurationPlatforms) = preSolution
		Debug|Any CPU = Debug|Any CPU
		Release|Any CPU = Release|Any CPU
	EndGlobalSection
	GlobalSection(ProjectConfigurationPlatforms) = postSolution
		{757D6989-80FE-4CEF-ACDA-E609E46F1AD5}.Debug|Any CPU.ActiveCfg = Debug|Any CPU
		{757D6989-80FE-4CEF-ACDA-E609E46F1AD5}.Debug|Any CPU.Build.0 = Debug|Any CPU
		{757D6989-80FE-4CEF-ACDA-E609E46F1AD5}.Release|Any CPU.ActiveCfg = Release|Any CPU
		{757D6989-80FE-4CEF-ACDA-E609E46F1AD5}.Release|Any CPU.Build.0 = Release|Any CPU
	EndGlobalSection
	GlobalSection(SolutionProperties) = preSolution
		HideSolutionNode = FALSE
	EndGlobalSection
	GlobalSection(ExtensibilityGlobals) = postSolution
		SolutionGuid = {7EA81621-CB46-4D29-B947-04CFD2374925}
	EndGlobalSection
EndGlobal
